
Microsoft Visual Studio Solution File, Format Version 12.00
# Visual Studio Version 17
VisualStudioVersion = 17.1.32210.238
MinimumVisualStudioVersion = 10.0.40219.1
Project("{9A19103F-16F7-4668-BE54-9A1E7A4F7556}") = "Emerytura1", "Emerytura1\Emerytura1.csproj", "{E4FECE6A-AECC-46A1-A495-51B77D5D23E5}"
EndProject
Project("{9A19103F-16F7-4668-BE54-9A1E7A4F7556}") = "Emerytura2", "Emerytura2\Emerytura2.csproj", "{8D95625F-2CA3-479E-BD43-2C38FF1D2B4B}"
EndProject
Project("{9A19103F-16F7-4668-BE54-9A1E7A4F7556}") = "Emerytura3", "Emerytura3\Emerytura3.csproj", "{2C88DB20-58F0-4570-9469-A028A7428A86}"
EndProject
Project("{9A19103F-16F7-4668-BE54-9A1E7A4F7556}") = "Parametry trójkąta", "Parametry trójkąta\Parametry trójkąta.csproj", "{EB45169D-8701-42A4-BF76-21C68409B55B}"
EndProject
Project("{9A19103F-16F7-4668-BE54-9A1E7A4F7556}") = "Różnice kwadratowe", "Różnice kwadratowe\Różnice kwadratowe.csproj", "{970829FD-C2E0-40B4-8B24-BC97E9FEABF2}"
EndProject
Project("{9A19103F-16F7-4668-BE54-9A1E7A4F7556}") = "Lab3-Cwiczenia", "Lab3-Cwiczenia\Lab3-Cwiczenia.csproj", "{35B2B9B8-5B39-4926-BBEE-3BE042532136}"
EndProject
Project("{9A19103F-16F7-4668-BE54-9A1E7A4F7556}") = "Objętość stożka", "Objętość stożka\Objętość stożka.csproj", "{B30988A7-FE69-4271-90E5-1EF43455E52E}"
EndProject
Project("{9A19103F-16F7-4668-BE54-9A1E7A4F7556}") = "Flow-chart niestrukturalny na kod 1", "Flow-chart niestrukturalny na kod\Flow-chart niestrukturalny na kod 1.csproj", "{B61E98CA-CF17-4FE9-97EC-CA9862B288E6}"
EndProject
Project("{9A19103F-16F7-4668-BE54-9A1E7A4F7556}") = "Flow-chart niestrukturalny na kod 2", "Flow-chart niestrukturalny na kod 2\Flow-chart niestrukturalny na kod 2.csproj", "{A79C1DE0-72D5-4EEB-B52E-D8E8FC20942F}"
EndProject
Project("{FAE04EC0-301F-11D3-BF4B-00C04F79EFBC}") = "Flow-chart niestrukturalny na kod 3", "Flow-chart niestrukturalny na kod 3\Flow-chart niestrukturalny na kod 3.csproj", "{1B4339F1-87C3-4D3E-A998-EE861D54CD42}"
EndProject
Global
	GlobalSection(SolutionConfigurationPlatforms) = preSolution
		Debug|Any CPU = Debug|Any CPU
		Release|Any CPU = Release|Any CPU
	EndGlobalSection
	GlobalSection(ProjectConfigurationPlatforms) = postSolution
		{E4FECE6A-AECC-46A1-A495-51B77D5D23E5}.Debug|Any CPU.ActiveCfg = Debug|Any CPU
		{E4FECE6A-AECC-46A1-A495-51B77D5D23E5}.Debug|Any CPU.Build.0 = Debug|Any CPU
		{E4FECE6A-AECC-46A1-A495-51B77D5D23E5}.Release|Any CPU.ActiveCfg = Release|Any CPU
		{E4FECE6A-AECC-46A1-A495-51B77D5D23E5}.Release|Any CPU.Build.0 = Release|Any CPU
		{8D95625F-2CA3-479E-BD43-2C38FF1D2B4B}.Debug|Any CPU.ActiveCfg = Debug|Any CPU
		{8D95625F-2CA3-479E-BD43-2C38FF1D2B4B}.Debug|Any CPU.Build.0 = Debug|Any CPU
		{8D95625F-2CA3-479E-BD43-2C38FF1D2B4B}.Release|Any CPU.ActiveCfg = Release|Any CPU
		{8D95625F-2CA3-479E-BD43-2C38FF1D2B4B}.Release|Any CPU.Build.0 = Release|Any CPU
		{2C88DB20-58F0-4570-9469-A028A7428A86}.Debug|Any CPU.ActiveCfg = Debug|Any CPU
		{2C88DB20-58F0-4570-9469-A028A7428A86}.Debug|Any CPU.Build.0 = Debug|Any CPU
		{2C88DB20-58F0-4570-9469-A028A7428A86}.Release|Any CPU.ActiveCfg = Release|Any CPU
		{2C88DB20-58F0-4570-9469-A028A7428A86}.Release|Any CPU.Build.0 = Release|Any CPU
		{EB45169D-8701-42A4-BF76-21C68409B55B}.Debug|Any CPU.ActiveCfg = Debug|Any CPU
		{EB45169D-8701-42A4-BF76-21C68409B55B}.Debug|Any CPU.Build.0 = Debug|Any CPU
		{EB45169D-8701-42A4-BF76-21C68409B55B}.Release|Any CPU.ActiveCfg = Release|Any CPU
		{EB45169D-8701-42A4-BF76-21C68409B55B}.Release|Any CPU.Build.0 = Release|Any CPU
		{970829FD-C2E0-40B4-8B24-BC97E9FEABF2}.Debug|Any CPU.ActiveCfg = Debug|Any CPU
		{970829FD-C2E0-40B4-8B24-BC97E9FEABF2}.Debug|Any CPU.Build.0 = Debug|Any CPU
		{970829FD-C2E0-40B4-8B24-BC97E9FEABF2}.Release|Any CPU.ActiveCfg = Release|Any CPU
		{970829FD-C2E0-40B4-8B24-BC97E9FEABF2}.Release|Any CPU.Build.0 = Release|Any CPU
		{35B2B9B8-5B39-4926-BBEE-3BE042532136}.Debug|Any CPU.ActiveCfg = Debug|Any CPU
		{35B2B9B8-5B39-4926-BBEE-3BE042532136}.Debug|Any CPU.Build.0 = Debug|Any CPU
		{35B2B9B8-5B39-4926-BBEE-3BE042532136}.Release|Any CPU.ActiveCfg = Release|Any CPU
		{35B2B9B8-5B39-4926-BBEE-3BE042532136}.Release|Any CPU.Build.0 = Release|Any CPU
		{B30988A7-FE69-4271-90E5-1EF43455E52E}.Debug|Any CPU.ActiveCfg = Debug|Any CPU
		{B30988A7-FE69-4271-90E5-1EF43455E52E}.Debug|Any CPU.Build.0 = Debug|Any CPU
		{B30988A7-FE69-4271-90E5-1EF43455E52E}.Release|Any CPU.ActiveCfg = Release|Any CPU
		{B30988A7-FE69-4271-90E5-1EF43455E52E}.Release|Any CPU.Build.0 = Release|Any CPU
		{B61E98CA-CF17-4FE9-97EC-CA9862B288E6}.Debug|Any CPU.ActiveCfg = Debug|Any CPU
		{B61E98CA-CF17-4FE9-97EC-CA9862B288E6}.Debug|Any CPU.Build.0 = Debug|Any CPU
		{B61E98CA-CF17-4FE9-97EC-CA9862B288E6}.Release|Any CPU.ActiveCfg = Release|Any CPU
		{B61E98CA-CF17-4FE9-97EC-CA9862B288E6}.Release|Any CPU.Build.0 = Release|Any CPU
		{A79C1DE0-72D5-4EEB-B52E-D8E8FC20942F}.Debug|Any CPU.ActiveCfg = Debug|Any CPU
		{A79C1DE0-72D5-4EEB-B52E-D8E8FC20942F}.Debug|Any CPU.Build.0 = Debug|Any CPU
		{A79C1DE0-72D5-4EEB-B52E-D8E8FC20942F}.Release|Any CPU.ActiveCfg = Release|Any CPU
		{A79C1DE0-72D5-4EEB-B52E-D8E8FC20942F}.Release|Any CPU.Build.0 = Release|Any CPU
		{1B4339F1-87C3-4D3E-A998-EE861D54CD42}.Debug|Any CPU.ActiveCfg = Debug|Any CPU
		{1B4339F1-87C3-4D3E-A998-EE861D54CD42}.Debug|Any CPU.Build.0 = Debug|Any CPU
		{1B4339F1-87C3-4D3E-A998-EE861D54CD42}.Release|Any CPU.ActiveCfg = Release|Any CPU
		{1B4339F1-87C3-4D3E-A998-EE861D54CD42}.Release|Any CPU.Build.0 = Release|Any CPU
	EndGlobalSection
	GlobalSection(SolutionProperties) = preSolution
		HideSolutionNode = FALSE
	EndGlobalSection
	GlobalSection(ExtensibilityGlobals) = postSolution
		SolutionGuid = {C7F1847E-7572-4C5B-A078-B23B60ACA84B}
	EndGlobalSection
EndGlobal
